{
  "originHash" : "ff9d829b4d81eab49a3d862555975470146fd4a0917634f253ad4358bbd5f8fe",
  "pins" : [
    {
      "identity" : "katafractstyle",
      "kind" : "remoteSourceControl",
      "location" : "https://github.com/katafract-io/KatafractStyle.git",
      "state" : {
        "revision" : "bf08623213c5c979b64847e5cee877952ccc05a9",
        "version" : "0.1.2"
      }
    }
  ],
  "version" : 3
}
