// !$*UTF8*$!
{
	archiveVersion = 1;
	classes = {
	};
	objectVersion = 77;
	objects = {

/* Begin PBXBuildFile section */
		A1B2C3D4E5F60003A2B3C4D5 /* KatafractStyle in Frameworks */ = {isa = PBXBuildFile; productRef = A1B2C3D4E5F60002A2B3C4D5 /* KatafractStyle */; };
		BC3811822F7397AC00CE6623 /* WidgetKit.framework in Frameworks */ = {isa = PBXBuildFile; fileRef = BC3811812F7397AC00CE6623 /* WidgetKit.framework */; };
		BC3811842F7397AC00CE6623 /* SwiftUI.framework in Frameworks */ = {isa = PBXBuildFile; fileRef = BC3811832F7397AC00CE6623 /* SwiftUI.framework */; };
		BC3811912F7397AE00CE6623 /* DocArmorWidgetExtension.appex in Embed Foundation Extensions */ = {isa = PBXBuildFile; fileRef = BC38117F2F7397AC00CE6623 /* DocArmorWidgetExtension.appex */; settings = {ATTRIBUTES = (RemoveHeadersOnCopy, ); }; };
		D0C0A1012F90000100C0FFEE /* DocArmorShareExtension.appex in Embed Foundation Extensions */ = {isa = PBXBuildFile; fileRef = D0C0A1002F90000100C0FFEE /* DocArmorShareExtension.appex */; settings = {ATTRIBUTES = (RemoveHeadersOnCopy, ); }; };
/* End PBXBuildFile section */

/* Begin PBXContainerItemProxy section */
		BC38118F2F7397AE00CE6623 /* PBXContainerItemProxy */ = {
			isa = PBXContainerItemProxy;
			containerPortal = 9B28CB2CAE2648C2AB2AC2BB /* Project object */;
			proxyType = 1;
			remoteGlobalIDString = BC38117E2F7397AC00CE6623;
			remoteInfo = DocArmorWidgetExtension;
		};
		D0C0A1032F90000100C0FFEE /* PBXContainerItemProxy */ = {
			isa = PBXContainerItemProxy;
			containerPortal = 9B28CB2CAE2648C2AB2AC2BB /* Project object */;
			proxyType = 1;
			remoteGlobalIDString = D0C0A10A2F90000100C0FFEE;
			remoteInfo = DocArmorShareExtension;
		};
/* End PBXContainerItemProxy section */

/* Begin PBXCopyFilesBuildPhase section */
		BC3811962F7397AE00CE6623 /* Embed Foundation Extensions */ = {
			isa = PBXCopyFilesBuildPhase;
			buildActionMask = 2147483647;
			dstPath = "";
			dstSubfolderSpec = 13;
			files = (
				BC3811912F7397AE00CE6623 /* DocArmorWidgetExtension.appex in Embed Foundation Extensions */,
				D0C0A1012F90000100C0FFEE /* DocArmorShareExtension.appex in Embed Foundation Extensions */,
			);
			name = "Embed Foundation Extensions";
			runOnlyForDeploymentPostprocessing = 0;
		};
/* End PBXCopyFilesBuildPhase section */

/* Begin PBXFileReference section */
		BC38117F2F7397AC00CE6623 /* DocArmorWidgetExtension.appex */ = {isa = PBXFileReference; explicitFileType = "wrapper.app-extension"; includeInIndex = 0; path = DocArmorWidgetExtension.appex; sourceTree = BUILT_PRODUCTS_DIR; };
		BC3811812F7397AC00CE6623 /* WidgetKit.framework */ = {isa = PBXFileReference; lastKnownFileType = wrapper.framework; name = WidgetKit.framework; path = System/Library/Frameworks/WidgetKit.framework; sourceTree = SDKROOT; };
		BC3811832F7397AC00CE6623 /* SwiftUI.framework */ = {isa = PBXFileReference; lastKnownFileType = wrapper.framework; name = SwiftUI.framework; path = System/Library/Frameworks/SwiftUI.framework; sourceTree = SDKROOT; };
		CCC915A576C44C2F9A6E6450 /* DocArmor.app */ = {isa = PBXFileReference; explicitFileType = wrapper.application; includeInIndex = 0; path = DocArmor.app; sourceTree = BUILT_PRODUCTS_DIR; };
		D0C0A1002F90000100C0FFEE /* DocArmorShareExtension.appex */ = {isa = PBXFileReference; explicitFileType = "wrapper.app-extension"; includeInIndex = 0; path = DocArmorShareExtension.appex; sourceTree = BUILT_PRODUCTS_DIR; };
		22C7E190362840C99CE43A25 /* EntitlementService.swift */ = {isa = PBXFileReference; lastKnownFileType = sourcecode.swift; path = DocArmor/Services/EntitlementService.swift; sourceTree = "<group>"; };
		470CD547808D4E78969BDDD5 /* ProductID.swift */ = {isa = PBXFileReference; lastKnownFileType = sourcecode.swift; path = DocArmor/Models/ProductID.swift; sourceTree = "<group>"; };
		51FE14F3E63A45C0BE27FA17 /* PaywallView.swift */ = {isa = PBXFileReference; lastKnownFileType = sourcecode.swift; path = DocArmor/Views/Paywall/PaywallView.swift; sourceTree = "<group>"; };
		2970969CAAC84B5F8611EB32 /* PrivacyInfo.xcprivacy */ = {isa = PBXFileReference; lastKnownFileType = text.plist.xml; path = DocArmor/PrivacyInfo.xcprivacy; sourceTree = "<group>"; };
/* End PBXFileReference section */

/* Begin PBXFileSystemSynchronizedBuildFileExceptionSet section */
		BC3811922F7397AE00CE6623 /* Exceptions for "DocArmorWidgetExtension" folder in "DocArmorWidgetExtension" target */ = {
			isa = PBXFileSystemSynchronizedBuildFileExceptionSet;
			membershipExceptions = (
				Info.plist,
			);
			target = BC38117E2F7397AC00CE6623 /* DocArmorWidgetExtension */;
		};
		D0C0A1042F90000100C0FFEE /* Exceptions for "DocArmorShareExtension" folder in "DocArmorShareExtension" target */ = {
			isa = PBXFileSystemSynchronizedBuildFileExceptionSet;
			membershipExceptions = (
				Info.plist,
			);
			target = D0C0A10A2F90000100C0FFEE /* DocArmorShareExtension */;
		};
/* End PBXFileSystemSynchronizedBuildFileExceptionSet section */

/* Begin PBXFileSystemSynchronizedRootGroup section */
		4CDC3B3D17A545FEA820D9F2 /* DocArmor */ = {
			isa = PBXFileSystemSynchronizedRootGroup;
			path = DocArmor;
			sourceTree = "<group>";
		};
		BC3811852F7397AC00CE6623 /* DocArmorWidgetExtension */ = {
			isa = PBXFileSystemSynchronizedRootGroup;
			exceptions = (
				BC3811922F7397AE00CE6623 /* Exceptions for "DocArmorWidgetExtension" folder in "DocArmorWidgetExtension" target */,
			);
			path = DocArmorWidgetExtension;
			sourceTree = "<group>";
		};
		D0C0A1052F90000100C0FFEE /* DocArmorShareExtension */ = {
			isa = PBXFileSystemSynchronizedRootGroup;
			exceptions = (
				D0C0A1042F90000100C0FFEE /* Exceptions for "DocArmorShareExtension" folder in "DocArmorShareExtension" target */,
			);
			path = DocArmorShareExtension;
			sourceTree = "<group>";
		};
/* End PBXFileSystemSynchronizedRootGroup section */

/* Begin PBXFrameworksBuildPhase section */
		6BD4CE5420C64DE3947D62B7 /* Frameworks */ = {
			isa = PBXFrameworksBuildPhase;
			buildActionMask = 2147483647;
			files = (
				A1B2C3D4E5F60003A2B3C4D5 /* KatafractStyle in Frameworks */,
			);
			runOnlyForDeploymentPostprocessing = 0;
		};
		BC38117C2F7397AC00CE6623 /* Frameworks */ = {
			isa = PBXFrameworksBuildPhase;
			buildActionMask = 2147483647;
			files = (
				BC3811842F7397AC00CE6623 /* SwiftUI.framework in Frameworks */,
				BC3811822F7397AC00CE6623 /* WidgetKit.framework in Frameworks */,
			);
			runOnlyForDeploymentPostprocessing = 0;
		};
		D0C0A1072F90000100C0FFEE /* Frameworks */ = {
			isa = PBXFrameworksBuildPhase;
			buildActionMask = 2147483647;
			files = (
			);
			runOnlyForDeploymentPostprocessing = 0;
		};
/* End PBXFrameworksBuildPhase section */

/* Begin PBXGroup section */
		7F31E9617BF54703BCB8493C /* Products */ = {
			isa = PBXGroup;
			children = (
				CCC915A576C44C2F9A6E6450 /* DocArmor.app */,
				BC38117F2F7397AC00CE6623 /* DocArmorWidgetExtension.appex */,
				D0C0A1002F90000100C0FFEE /* DocArmorShareExtension.appex */,
			);
			name = Products;
			sourceTree = "<group>";
		};
		BC3811802F7397AC00CE6623 /* Frameworks */ = {
			isa = PBXGroup;
			children = (
				BC3811812F7397AC00CE6623 /* WidgetKit.framework */,
				BC3811832F7397AC00CE6623 /* SwiftUI.framework */,
			);
			name = Frameworks;
			sourceTree = "<group>";
		};
		D9C45622D4A2419C94490E2F = {
			isa = PBXGroup;
			children = (
				4CDC3B3D17A545FEA820D9F2 /* DocArmor */,
				BC3811852F7397AC00CE6623 /* DocArmorWidgetExtension */,
				D0C0A1052F90000100C0FFEE /* DocArmorShareExtension */,
				BC3811802F7397AC00CE6623 /* Frameworks */,
				7F31E9617BF54703BCB8493C /* Products */,
			);
			sourceTree = "<group>";
		};
/* End PBXGroup section */

/* Begin PBXNativeTarget section */
		268164EE7D2044D1A8DDB1F4 /* DocArmor */ = {
			isa = PBXNativeTarget;
			buildConfigurationList = 0BA3C178078B4207BA806013 /* Build configuration list for PBXNativeTarget "DocArmor" */;
			buildPhases = (
				6A77440FD5CC428B95C80D88 /* Sources */,
				6BD4CE5420C64DE3947D62B7 /* Frameworks */,
				AE8AFD3E003B43D79CB04F4D /* Resources */,
				BC3811962F7397AE00CE6623 /* Embed Foundation Extensions */,
			);
			buildRules = (
			);
			dependencies = (
				BC3811902F7397AE00CE6623 /* PBXTargetDependency */,
				D0C0A1022F90000100C0FFEE /* PBXTargetDependency */,
			);
			fileSystemSynchronizedGroups = (
				4CDC3B3D17A545FEA820D9F2 /* DocArmor */,
			);
			name = DocArmor;
			packageProductDependencies = (
				A1B2C3D4E5F60002A2B3C4D5 /* KatafractStyle */,
			);
			productName = DocArmor;
			productReference = CCC915A576C44C2F9A6E6450 /* DocArmor.app */;
			productType = "com.apple.product-type.application";
		};
		BC38117E2F7397AC00CE6623 /* DocArmorWidgetExtension */ = {
			isa = PBXNativeTarget;
			buildConfigurationList = BC3811932F7397AE00CE6623 /* Build configuration list for PBXNativeTarget "DocArmorWidgetExtension" */;
			buildPhases = (
				BC38117B2F7397AC00CE6623 /* Sources */,
				BC38117C2F7397AC00CE6623 /* Frameworks */,
				BC38117D2F7397AC00CE6623 /* Resources */,
			);
			buildRules = (
			);
			dependencies = (
			);
			fileSystemSynchronizedGroups = (
				BC3811852F7397AC00CE6623 /* DocArmorWidgetExtension */,
			);
			name = DocArmorWidgetExtension;
			packageProductDependencies = (
			);
			productName = DocArmorWidgetExtension;
			productReference = BC38117F2F7397AC00CE6623 /* DocArmorWidgetExtension.appex */;
			productType = "com.apple.product-type.app-extension";
		};
		D0C0A10A2F90000100C0FFEE /* DocArmorShareExtension */ = {
			isa = PBXNativeTarget;
			buildConfigurationList = D0C0A10B2F90000100C0FFEE /* Build configuration list for PBXNativeTarget "DocArmorShareExtension" */;
			buildPhases = (
				D0C0A1062F90000100C0FFEE /* Sources */,
				D0C0A1072F90000100C0FFEE /* Frameworks */,
				D0C0A1082F90000100C0FFEE /* Resources */,
			);
			buildRules = (
			);
			dependencies = (
			);
			fileSystemSynchronizedGroups = (
				D0C0A1052F90000100C0FFEE /* DocArmorShareExtension */,
			);
			name = DocArmorShareExtension;
			packageProductDependencies = (
			);
			productName = DocArmorShareExtension;
			productReference = D0C0A1002F90000100C0FFEE /* DocArmorShareExtension.appex */;
			productType = "com.apple.product-type.app-extension";
		};
/* End PBXNativeTarget section */

/* Begin PBXProject section */
		9B28CB2CAE2648C2AB2AC2BB /* Project object */ = {
			isa = PBXProject;
			attributes = {
				BuildIndependentTargetsInParallel = 1;
				LastSwiftUpdateCheck = 2630;
				LastUpgradeCheck = 2640;
				TargetAttributes = {
					268164EE7D2044D1A8DDB1F4 = {
						CreatedOnToolsVersion = 26.3;
					};
					BC38117E2F7397AC00CE6623 = {
						CreatedOnToolsVersion = 26.3;
					};
					D0C0A10A2F90000100C0FFEE = {
						CreatedOnToolsVersion = 26.3;
					};
				};
			};
			buildConfigurationList = AFC933BE4BA245DDA27828E3 /* Build configuration list for PBXProject "DocArmor" */;
			developmentRegion = en;
			hasScannedForEncodings = 0;
			knownRegions = (
				en,
				Base,
			);
			mainGroup = D9C45622D4A2419C94490E2F;
			minimizedProjectReferenceProxies = 1;
			preferredProjectObjectVersion = 77;
			productRefGroup = 7F31E9617BF54703BCB8493C /* Products */;
			projectDirPath = "";
			packageReferences = (
				A1B2C3D4E5F60001A2B3C4D5 /* XCRemoteSwiftPackageReference "KatafractStyle" */,
			);
			projectRoot = "";
			targets = (
				268164EE7D2044D1A8DDB1F4 /* DocArmor */,
				BC38117E2F7397AC00CE6623 /* DocArmorWidgetExtension */,
				D0C0A10A2F90000100C0FFEE /* DocArmorShareExtension */,
			);
		};
/* End PBXProject section */

/* Begin PBXResourcesBuildPhase section */
		AE8AFD3E003B43D79CB04F4D /* Resources */ = {
			isa = PBXResourcesBuildPhase;
			buildActionMask = 2147483647;
			files = (
			);
			runOnlyForDeploymentPostprocessing = 0;
		};
		BC38117D2F7397AC00CE6623 /* Resources */ = {
			isa = PBXResourcesBuildPhase;
			buildActionMask = 2147483647;
			files = (
			);
			runOnlyForDeploymentPostprocessing = 0;
		};
		D0C0A1082F90000100C0FFEE /* Resources */ = {
			isa = PBXResourcesBuildPhase;
			buildActionMask = 2147483647;
			files = (
			);
			runOnlyForDeploymentPostprocessing = 0;
		};
/* End PBXResourcesBuildPhase section */

/* Begin PBXSourcesBuildPhase section */
		6A77440FD5CC428B95C80D88 /* Sources */ = {
			isa = PBXSourcesBuildPhase;
			buildActionMask = 2147483647;
			files = (
			);
			runOnlyForDeploymentPostprocessing = 0;
		};
		BC38117B2F7397AC00CE6623 /* Sources */ = {
			isa = PBXSourcesBuildPhase;
			buildActionMask = 2147483647;
			files = (
			);
			runOnlyForDeploymentPostprocessing = 0;
		};
		D0C0A1062F90000100C0FFEE /* Sources */ = {
			isa = PBXSourcesBuildPhase;
			buildActionMask = 2147483647;
			files = (
			);
			runOnlyForDeploymentPostprocessing = 0;
		};
/* End PBXSourcesBuildPhase section */

/* Begin PBXTargetDependency section */
		BC3811902F7397AE00CE6623 /* PBXTargetDependency */ = {
			isa = PBXTargetDependency;
			target = BC38117E2F7397AC00CE6623 /* DocArmorWidgetExtension */;
			targetProxy = BC38118F2F7397AE00CE6623 /* PBXContainerItemProxy */;
		};
		D0C0A1022F90000100C0FFEE /* PBXTargetDependency */ = {
			isa = PBXTargetDependency;
			target = D0C0A10A2F90000100C0FFEE /* DocArmorShareExtension */;
			targetProxy = D0C0A1032F90000100C0FFEE /* PBXContainerItemProxy */;
		};
/* End PBXTargetDependency section */

/* Begin XCBuildConfiguration section */
		2EFAFCF1CC9C4F00AB740B5D /* Release */ = {
			isa = XCBuildConfiguration;
			buildSettings = {
				ASSETCATALOG_COMPILER_APPICON_NAME = AppIcon;
				ASSETCATALOG_COMPILER_GLOBAL_ACCENT_COLOR_NAME = AccentColor;
				ASSETCATALOG_COMPILER_INCLUDE_ALL_APPICON_ASSETS = YES;
				CODE_SIGN_STYLE = Automatic;
				CURRENT_PROJECT_VERSION = 3;
				ENABLE_PREVIEWS = YES;
				GENERATE_INFOPLIST_FILE = NO;
				INFOPLIST_FILE = AppInfo.plist;
				INFOPLIST_KEY_CFBundleDisplayName = DocArmor;
				INFOPLIST_KEY_LSApplicationCategoryType = "public.app-category.productivity";
				INFOPLIST_KEY_NSCameraUsageDescription = "DocArmor uses your camera to scan documents.";
				INFOPLIST_KEY_NSHumanReadableCopyright = "© 2026 Katafract LLC";
				INFOPLIST_KEY_NSPhotoLibraryUsageDescription = "DocArmor can import documents from your photo library.";
				INFOPLIST_KEY_UIApplicationSceneManifest_Generation = YES;
				INFOPLIST_KEY_UIApplicationSupportsIndirectInputEvents = YES;
				INFOPLIST_KEY_UILaunchScreen_Generation = YES;
				INFOPLIST_KEY_UISupportedInterfaceOrientations_iPad = "UIInterfaceOrientationPortrait UIInterfaceOrientationPortraitUpsideDown UIInterfaceOrientationLandscapeLeft UIInterfaceOrientationLandscapeRight";
				INFOPLIST_KEY_UISupportedInterfaceOrientations_iPhone = "UIInterfaceOrientationPortrait UIInterfaceOrientationLandscapeLeft UIInterfaceOrientationLandscapeRight";
				LD_RUNPATH_SEARCH_PATHS = (
					"$(inherited)",
					"@executable_path/Frameworks",
				);
				MARKETING_VERSION = 1.1.4;
				PRODUCT_BUNDLE_IDENTIFIER = com.katafract.DocArmor;
				PRODUCT_NAME = "$(TARGET_NAME)";
				PROVISIONING_PROFILE_SPECIFIER = "";
				STRING_CATALOG_GENERATE_SYMBOLS = YES;
				SWIFT_APPROACHABLE_CONCURRENCY = YES;
				SWIFT_DEFAULT_ACTOR_ISOLATION = MainActor;
				SWIFT_EMIT_LOC_STRINGS = YES;
				SWIFT_UPCOMING_FEATURE_MEMBER_IMPORT_VISIBILITY = YES;
				SWIFT_VERSION = 5.0;
				TARGETED_DEVICE_FAMILY = "1,2";
			};
			name = Release;
		};
		4409CEF24AD34C089DD6A082 /* Release */ = {
			isa = XCBuildConfiguration;
			buildSettings = {
				ALWAYS_SEARCH_USER_PATHS = NO;
				ASSETCATALOG_COMPILER_GENERATE_SWIFT_ASSET_SYMBOL_EXTENSIONS = YES;
				CLANG_ANALYZER_NONNULL = YES;
				CLANG_CXX_LANGUAGE_STANDARD = "gnu++20";
				CLANG_ENABLE_MODULES = YES;
				CLANG_ENABLE_OBJC_ARC = YES;
				CLANG_ENABLE_OBJC_WEAK = YES;
				CLANG_WARN_BLOCK_CAPTURE_AUTORELEASING = YES;
				CLANG_WARN_BOOL_CONVERSION = YES;
				CLANG_WARN_COMMA = YES;
				CLANG_WARN_CONSTANT_CONVERSION = YES;
				CLANG_WARN_DEPRECATED_OBJC_IMPLEMENTATIONS = YES;
				CLANG_WARN_DIRECT_OBJC_ISA_USAGE = YES_ERROR;
				CLANG_WARN_DOCUMENTATION_COMMENTS = YES;
				CLANG_WARN_EMPTY_BODY = YES;
				CLANG_WARN_ENUM_CONVERSION = YES;
				CLANG_WARN_INFINITE_RECURSION = YES;
				CLANG_WARN_INT_CONVERSION = YES;
				CLANG_WARN_NON_LITERAL_NULL_CONVERSION = YES;
				CLANG_WARN_OBJC_IMPLICIT_RETAIN_SELF = YES;
				CLANG_WARN_OBJC_LITERAL_CONVERSION = YES;
				CLANG_WARN_OBJC_ROOT_CLASS = YES_ERROR;
				CLANG_WARN_QUOTED_INCLUDE_IN_FRAMEWORK_HEADER = YES;
				CLANG_WARN_RANGE_LOOP_ANALYSIS = YES;
				CLANG_WARN_STRICT_PROTOTYPES = YES;
				CLANG_WARN_SUSPICIOUS_MOVE = YES;
				CLANG_WARN_UNGUARDED_AVAILABILITY = YES_AGGRESSIVE;
				CLANG_WARN_UNREACHABLE_CODE = YES;
				CLANG_WARN__DUPLICATE_METHOD_MATCH = YES;
				COPY_PHASE_STRIP = NO;
				DEBUG_INFORMATION_FORMAT = "dwarf-with-dsym";
				DEVELOPMENT_TEAM = 2SGGP65W6C;
				ENABLE_NS_ASSERTIONS = NO;
				ENABLE_STRICT_OBJC_MSGSEND = YES;
				ENABLE_USER_SCRIPT_SANDBOXING = YES;
				GCC_C_LANGUAGE_STANDARD = gnu17;
				GCC_NO_COMMON_BLOCKS = YES;
				GCC_WARN_64_TO_32_BIT_CONVERSION = YES;
				GCC_WARN_ABOUT_RETURN_TYPE = YES_ERROR;
				GCC_WARN_UNDECLARED_SELECTOR = YES;
				GCC_WARN_UNINITIALIZED_AUTOS = YES_AGGRESSIVE;
				GCC_WARN_UNUSED_FUNCTION = YES;
				GCC_WARN_UNUSED_VARIABLE = YES;
				IPHONEOS_DEPLOYMENT_TARGET = 17.0;
				LOCALIZATION_PREFERS_STRING_CATALOGS = YES;
				MTL_ENABLE_DEBUG_INFO = NO;
				MTL_FAST_MATH = YES;
				SDKROOT = iphoneos;
				STRING_CATALOG_GENERATE_SYMBOLS = YES;
				SWIFT_COMPILATION_MODE = wholemodule;
				VALIDATE_PRODUCT = YES;
			};
			name = Release;
		};
		BC3811942F7397AE00CE6623 /* Debug */ = {
			isa = XCBuildConfiguration;
			buildSettings = {
				ASSETCATALOG_COMPILER_GLOBAL_ACCENT_COLOR_NAME = AccentColor;
				ASSETCATALOG_COMPILER_WIDGET_BACKGROUND_COLOR_NAME = WidgetBackground;
				CODE_SIGN_STYLE = Automatic;
				DEVELOPMENT_TEAM = 2SGGP65W6C;
				CURRENT_PROJECT_VERSION = 3;
				GENERATE_INFOPLIST_FILE = YES;
				INFOPLIST_FILE = DocArmorWidgetExtension/Info.plist;
				INFOPLIST_KEY_CFBundleDisplayName = DocArmorWidgetExtension;
				INFOPLIST_KEY_NSHumanReadableCopyright = "";
				LD_RUNPATH_SEARCH_PATHS = (
					"$(inherited)",
					"@executable_path/Frameworks",
					"@executable_path/../../Frameworks",
				);
				MARKETING_VERSION = 1.1.4;
				PRODUCT_BUNDLE_IDENTIFIER = "com.katafract.DocArmor.Doc-Armor-Widget-Extension";
				PRODUCT_NAME = "$(TARGET_NAME)";
				SKIP_INSTALL = YES;
				STRING_CATALOG_GENERATE_SYMBOLS = YES;
				SWIFT_APPROACHABLE_CONCURRENCY = YES;
				SWIFT_EMIT_LOC_STRINGS = YES;
				SWIFT_UPCOMING_FEATURE_MEMBER_IMPORT_VISIBILITY = YES;
				SWIFT_VERSION = 5.0;
				TARGETED_DEVICE_FAMILY = "1,2";
			};
			name = Debug;
		};
		BC3811952F7397AE00CE6623 /* Release */ = {
			isa = XCBuildConfiguration;
			buildSettings = {
				ASSETCATALOG_COMPILER_GLOBAL_ACCENT_COLOR_NAME = AccentColor;
				ASSETCATALOG_COMPILER_WIDGET_BACKGROUND_COLOR_NAME = WidgetBackground;
				CLANG_ANALYZER_NUMBER_OBJECT_CONVERSION = YES_AGGRESSIVE;
				CODE_SIGN_STYLE = Automatic;
				DEVELOPMENT_TEAM = 2SGGP65W6C;
				CURRENT_PROJECT_VERSION = 3;
				GENERATE_INFOPLIST_FILE = YES;
				INFOPLIST_FILE = DocArmorWidgetExtension/Info.plist;
				INFOPLIST_KEY_CFBundleDisplayName = DocArmorWidgetExtension;
				INFOPLIST_KEY_NSHumanReadableCopyright = "";
				LD_RUNPATH_SEARCH_PATHS = (
					"$(inherited)",
					"@executable_path/Frameworks",
					"@executable_path/../../Frameworks",
				);
				MARKETING_VERSION = 1.1.4;
				PRODUCT_BUNDLE_IDENTIFIER = "com.katafract.DocArmor.Doc-Armor-Widget-Extension";
				PRODUCT_NAME = "$(TARGET_NAME)";
				SKIP_INSTALL = YES;
				STRING_CATALOG_GENERATE_SYMBOLS = YES;
				SWIFT_APPROACHABLE_CONCURRENCY = YES;
				SWIFT_EMIT_LOC_STRINGS = YES;
				SWIFT_UPCOMING_FEATURE_MEMBER_IMPORT_VISIBILITY = YES;
				SWIFT_VERSION = 5.0;
				TARGETED_DEVICE_FAMILY = "1,2";
			};
			name = Release;
		};
		D0C0A10C2F90000100C0FFEE /* Debug */ = {
			isa = XCBuildConfiguration;
			buildSettings = {
				CODE_SIGN_STYLE = Automatic;
				DEVELOPMENT_TEAM = 2SGGP65W6C;
				CURRENT_PROJECT_VERSION = 3;
				GENERATE_INFOPLIST_FILE = NO;
				INFOPLIST_FILE = DocArmorShareExtension/Info.plist;
				INFOPLIST_KEY_CFBundleDisplayName = "Save to DocArmor";
				IPHONEOS_DEPLOYMENT_TARGET = 17.0;
				LD_RUNPATH_SEARCH_PATHS = (
					"$(inherited)",
					"@executable_path/Frameworks",
					"@executable_path/../../Frameworks",
				);
				MARKETING_VERSION = 1.1.4;
				PRODUCT_BUNDLE_IDENTIFIER = com.katafract.DocArmor.shareextension;
				PRODUCT_NAME = "$(TARGET_NAME)";
				SKIP_INSTALL = YES;
				STRING_CATALOG_GENERATE_SYMBOLS = YES;
				SWIFT_APPROACHABLE_CONCURRENCY = YES;
				SWIFT_EMIT_LOC_STRINGS = YES;
				SWIFT_UPCOMING_FEATURE_MEMBER_IMPORT_VISIBILITY = YES;
				SWIFT_VERSION = 5.0;
				TARGETED_DEVICE_FAMILY = "1,2";
			};
			name = Debug;
		};
		D0C0A10D2F90000100C0FFEE /* Release */ = {
			isa = XCBuildConfiguration;
			buildSettings = {
				CLANG_ANALYZER_NUMBER_OBJECT_CONVERSION = YES_AGGRESSIVE;
				CODE_SIGN_STYLE = Automatic;
				DEVELOPMENT_TEAM = 2SGGP65W6C;
				CURRENT_PROJECT_VERSION = 3;
				GENERATE_INFOPLIST_FILE = NO;
				INFOPLIST_FILE = DocArmorShareExtension/Info.plist;
				INFOPLIST_KEY_CFBundleDisplayName = "Save to DocArmor";
				IPHONEOS_DEPLOYMENT_TARGET = 17.0;
				LD_RUNPATH_SEARCH_PATHS = (
					"$(inherited)",
					"@executable_path/Frameworks",
					"@executable_path/../../Frameworks",
				);
				MARKETING_VERSION = 1.1.4;
				PRODUCT_BUNDLE_IDENTIFIER = com.katafract.DocArmor.shareextension;
				PRODUCT_NAME = "$(TARGET_NAME)";
				SKIP_INSTALL = YES;
				STRING_CATALOG_GENERATE_SYMBOLS = YES;
				SWIFT_APPROACHABLE_CONCURRENCY = YES;
				SWIFT_EMIT_LOC_STRINGS = YES;
				SWIFT_UPCOMING_FEATURE_MEMBER_IMPORT_VISIBILITY = YES;
				SWIFT_VERSION = 5.0;
				TARGETED_DEVICE_FAMILY = "1,2";
			};
			name = Release;
		};
		DB87EC4F209E48BFAF3C38A3 /* Debug */ = {
			isa = XCBuildConfiguration;
			buildSettings = {
				ASSETCATALOG_COMPILER_APPICON_NAME = AppIcon;
				ASSETCATALOG_COMPILER_GLOBAL_ACCENT_COLOR_NAME = AccentColor;
				ASSETCATALOG_COMPILER_INCLUDE_ALL_APPICON_ASSETS = YES;
				CODE_SIGN_STYLE = Automatic;
				CURRENT_PROJECT_VERSION = 3;
				ENABLE_PREVIEWS = YES;
				GENERATE_INFOPLIST_FILE = NO;
				INFOPLIST_FILE = AppInfo.plist;
				INFOPLIST_KEY_CFBundleDisplayName = DocArmor;
				INFOPLIST_KEY_LSApplicationCategoryType = "public.app-category.productivity";
				INFOPLIST_KEY_NSCameraUsageDescription = "DocArmor uses your camera to scan documents.";
				INFOPLIST_KEY_NSFaceIDUsageDescription = "DocArmor uses Face ID to protect your documents.";
				INFOPLIST_KEY_NSHumanReadableCopyright = "© 2026 Katafract LLC";
				INFOPLIST_KEY_NSPhotoLibraryUsageDescription = "DocArmor can import documents from your photo library.";
				INFOPLIST_KEY_NSSiriUsageDescription = "DocArmor uses Siri to let you quickly access your documents by voice.";
				INFOPLIST_KEY_UIApplicationSceneManifest_Generation = YES;
				INFOPLIST_KEY_UIApplicationSupportsIndirectInputEvents = YES;
				INFOPLIST_KEY_UILaunchScreen_Generation = YES;
				INFOPLIST_KEY_UISupportedInterfaceOrientations_iPad = "UIInterfaceOrientationPortrait UIInterfaceOrientationPortraitUpsideDown UIInterfaceOrientationLandscapeLeft UIInterfaceOrientationLandscapeRight";
				INFOPLIST_KEY_UISupportedInterfaceOrientations_iPhone = "UIInterfaceOrientationPortrait UIInterfaceOrientationLandscapeLeft UIInterfaceOrientationLandscapeRight";
				LD_RUNPATH_SEARCH_PATHS = (
					"$(inherited)",
					"@executable_path/Frameworks",
				);
				MARKETING_VERSION = 1.1.4;
				PRODUCT_BUNDLE_IDENTIFIER = com.katafract.DocArmor;
				PRODUCT_NAME = "$(TARGET_NAME)";
				PROVISIONING_PROFILE_SPECIFIER = "";
				STRING_CATALOG_GENERATE_SYMBOLS = YES;
				SWIFT_APPROACHABLE_CONCURRENCY = YES;
				SWIFT_DEFAULT_ACTOR_ISOLATION = MainActor;
				SWIFT_EMIT_LOC_STRINGS = YES;
				SWIFT_UPCOMING_FEATURE_MEMBER_IMPORT_VISIBILITY = YES;
				SWIFT_VERSION = 5.0;
				TARGETED_DEVICE_FAMILY = "1,2";
			};
			name = Debug;
		};
		FB4AAE78B6904484A6FCD1A9 /* Debug */ = {
			isa = XCBuildConfiguration;
			buildSettings = {
				ALWAYS_SEARCH_USER_PATHS = NO;
				ASSETCATALOG_COMPILER_GENERATE_SWIFT_ASSET_SYMBOL_EXTENSIONS = YES;
				CLANG_ANALYZER_NONNULL = YES;
				CLANG_ANALYZER_NUMBER_OBJECT_CONVERSION = YES_AGGRESSIVE;
				CLANG_CXX_LANGUAGE_STANDARD = "gnu++20";
				CLANG_ENABLE_MODULES = YES;
				CLANG_ENABLE_OBJC_ARC = YES;
				CLANG_ENABLE_OBJC_WEAK = YES;
				CLANG_WARN_BLOCK_CAPTURE_AUTORELEASING = YES;
				CLANG_WARN_BOOL_CONVERSION = YES;
				CLANG_WARN_COMMA = YES;
				CLANG_WARN_CONSTANT_CONVERSION = YES;
				CLANG_WARN_DEPRECATED_OBJC_IMPLEMENTATIONS = YES;
				CLANG_WARN_DIRECT_OBJC_ISA_USAGE = YES_ERROR;
				CLANG_WARN_DOCUMENTATION_COMMENTS = YES;
				CLANG_WARN_EMPTY_BODY = YES;
				CLANG_WARN_ENUM_CONVERSION = YES;
				CLANG_WARN_INFINITE_RECURSION = YES;
				CLANG_WARN_INT_CONVERSION = YES;
				CLANG_WARN_NON_LITERAL_NULL_CONVERSION = YES;
				CLANG_WARN_OBJC_IMPLICIT_RETAIN_SELF = YES;
				CLANG_WARN_OBJC_LITERAL_CONVERSION = YES;
				CLANG_WARN_OBJC_ROOT_CLASS = YES_ERROR;
				CLANG_WARN_QUOTED_INCLUDE_IN_FRAMEWORK_HEADER = YES;
				CLANG_WARN_RANGE_LOOP_ANALYSIS = YES;
				CLANG_WARN_STRICT_PROTOTYPES = YES;
				CLANG_WARN_SUSPICIOUS_MOVE = YES;
				CLANG_WARN_UNGUARDED_AVAILABILITY = YES_AGGRESSIVE;
				CLANG_WARN_UNREACHABLE_CODE = YES;
				CLANG_WARN__DUPLICATE_METHOD_MATCH = YES;
				COPY_PHASE_STRIP = NO;
				DEBUG_INFORMATION_FORMAT = dwarf;
				DEVELOPMENT_TEAM = 2SGGP65W6C;
				ENABLE_STRICT_OBJC_MSGSEND = YES;
				ENABLE_TESTABILITY = YES;
				ENABLE_USER_SCRIPT_SANDBOXING = YES;
				GCC_C_LANGUAGE_STANDARD = gnu17;
				GCC_DYNAMIC_NO_PIC = NO;
				GCC_NO_COMMON_BLOCKS = YES;
				GCC_OPTIMIZATION_LEVEL = 0;
				GCC_PREPROCESSOR_DEFINITIONS = (
					"DEBUG=1",
					"$(inherited)",
				);
				GCC_WARN_64_TO_32_BIT_CONVERSION = YES;
				GCC_WARN_ABOUT_RETURN_TYPE = YES_ERROR;
				GCC_WARN_UNDECLARED_SELECTOR = YES;
				GCC_WARN_UNINITIALIZED_AUTOS = YES_AGGRESSIVE;
				GCC_WARN_UNUSED_FUNCTION = YES;
				GCC_WARN_UNUSED_VARIABLE = YES;
				IPHONEOS_DEPLOYMENT_TARGET = 17.0;
				LOCALIZATION_PREFERS_STRING_CATALOGS = YES;
				MTL_ENABLE_DEBUG_INFO = INCLUDE_SOURCE;
				MTL_FAST_MATH = YES;
				ONLY_ACTIVE_ARCH = YES;
				SDKROOT = iphoneos;
				STRING_CATALOG_GENERATE_SYMBOLS = YES;
				SWIFT_ACTIVE_COMPILATION_CONDITIONS = "DEBUG $(inherited)";
				SWIFT_OPTIMIZATION_LEVEL = "-Onone";
			};
			name = Debug;
		};
/* End XCBuildConfiguration section */

/* Begin XCConfigurationList section */
		0BA3C178078B4207BA806013 /* Build configuration list for PBXNativeTarget "DocArmor" */ = {
			isa = XCConfigurationList;
			buildConfigurations = (
				DB87EC4F209E48BFAF3C38A3 /* Debug */,
				2EFAFCF1CC9C4F00AB740B5D /* Release */,
			);
			defaultConfigurationIsVisible = 0;
			defaultConfigurationName = Release;
		};
		AFC933BE4BA245DDA27828E3 /* Build configuration list for PBXProject "DocArmor" */ = {
			isa = XCConfigurationList;
			buildConfigurations = (
				FB4AAE78B6904484A6FCD1A9 /* Debug */,
				4409CEF24AD34C089DD6A082 /* Release */,
			);
			defaultConfigurationIsVisible = 0;
			defaultConfigurationName = Release;
		};
		BC3811932F7397AE00CE6623 /* Build configuration list for PBXNativeTarget "DocArmorWidgetExtension" */ = {
			isa = XCConfigurationList;
			buildConfigurations = (
				BC3811942F7397AE00CE6623 /* Debug */,
				BC3811952F7397AE00CE6623 /* Release */,
			);
			defaultConfigurationIsVisible = 0;
			defaultConfigurationName = Release;
		};
		D0C0A10B2F90000100C0FFEE /* Build configuration list for PBXNativeTarget "DocArmorShareExtension" */ = {
			isa = XCConfigurationList;
			buildConfigurations = (
				D0C0A10C2F90000100C0FFEE /* Debug */,
				D0C0A10D2F90000100C0FFEE /* Release */,
			);
			defaultConfigurationIsVisible = 0;
			defaultConfigurationName = Release;
		};
/* End XCConfigurationList section */
/* Begin XCRemoteSwiftPackageReference section */
		A1B2C3D4E5F60001A2B3C4D5 /* XCRemoteSwiftPackageReference "KatafractStyle" */ = {
			isa = XCRemoteSwiftPackageReference;
			repositoryURL = "https://github.com/katafract-io/KatafractStyle.git";
			requirement = {
				kind = upToNextMajorVersion;
				minimumVersion = 0.1.2;
			};
		};
/* End XCRemoteSwiftPackageReference section */

/* Begin XCSwiftPackageProductDependency section */
		A1B2C3D4E5F60002A2B3C4D5 /* KatafractStyle */ = {
			isa = XCSwiftPackageProductDependency;
			package = A1B2C3D4E5F60001A2B3C4D5 /* XCRemoteSwiftPackageReference "KatafractStyle" */;
			productName = KatafractStyle;
		};
/* End XCSwiftPackageProductDependency section */
	};
	rootObject = 9B28CB2CAE2648C2AB2AC2BB /* Project object */;
}
